
Microsoft Visual Studio Solution File, Format Version 12.00
# Visual Studio Version 16
VisualStudioVersion = 16.0.30611.23
MinimumVisualStudioVersion = 10.0.40219.1
Project("{FAE04EC0-301F-11D3-BF4B-00C04F79EFBC}") = "TodoApi", "TodoApi\TodoApi.csproj", "{B02012D6-E07B-4756-AFAD-947753993B65}"
EndProject
Global
	GlobalSection(SolutionConfigurationPlatforms) = preSolution
		Debug|Any CPU = Debug|Any CPU
		Release|Any CPU = Release|Any CPU
	EndGlobalSection
	GlobalSection(ProjectConfigurationPlatforms) = postSolution
		{B02012D6-E07B-4756-AFAD-947753993B65}.Debug|Any CPU.ActiveCfg = Debug|Any CPU
		{B02012D6-E07B-4756-AFAD-947753993B65}.Debug|Any CPU.Build.0 = Debug|Any CPU
		{B02012D6-E07B-4756-AFAD-947753993B65}.Release|Any CPU.ActiveCfg = Release|Any CPU
		{B02012D6-E07B-4756-AFAD-947753993B65}.Release|Any CPU.Build.0 = Release|Any CPU
	EndGlobalSection
	GlobalSection(SolutionProperties) = preSolution
		HideSolutionNode = FALSE
	EndGlobalSection
	GlobalSection(ExtensibilityGlobals) = postSolution
		SolutionGuid = {C884BC11-2A8E-498F-B247-382A3F3D3A72}
	EndGlobalSection
EndGlobal
